
Microsoft Visual Studio Solution File, Format Version 12.00
# Visual Studio 15
VisualStudioVersion = 15.0.28010.2026
MinimumVisualStudioVersion = 10.0.40219.1
Project("{FAE04EC0-301F-11D3-BF4B-00C04F79EFBC}") = "Tagayasu7AspNetCoreApp1", "Tagayasu7AspNetCoreApp1\Tagayasu7AspNetCoreApp1.csproj", "{0DA07B40-E18E-4FB7-82C9-D6EA36BABE13}"
EndProject
Global
	GlobalSection(SolutionConfigurationPlatforms) = preSolution
		Debug|Any CPU = Debug|Any CPU
		Release|Any CPU = Release|Any CPU
	EndGlobalSection
	GlobalSection(ProjectConfigurationPlatforms) = postSolution
		{0DA07B40-E18E-4FB7-82C9-D6EA36BABE13}.Debug|Any CPU.ActiveCfg = Debug|Any CPU
		{0DA07B40-E18E-4FB7-82C9-D6EA36BABE13}.Debug|Any CPU.Build.0 = Debug|Any CPU
		{0DA07B40-E18E-4FB7-82C9-D6EA36BABE13}.Release|Any CPU.ActiveCfg = Release|Any CPU
		{0DA07B40-E18E-4FB7-82C9-D6EA36BABE13}.Release|Any CPU.Build.0 = Release|Any CPU
	EndGlobalSection
	GlobalSection(SolutionProperties) = preSolution
		HideSolutionNode = FALSE
	EndGlobalSection
	GlobalSection(ExtensibilityGlobals) = postSolution
		SolutionGuid = {FE20F7DC-FE3E-43E8-B8C1-CF67B70FF11F}
	EndGlobalSection
EndGlobal
